
Microsoft Visual Studio Solution File, Format Version 12.00
# Visual Studio Version 17
VisualStudioVersion = 17.14.36310.24 d17.14
MinimumVisualStudioVersion = 10.0.40219.1
Project("{FAE04EC0-301F-11D3-BF4B-00C04F79EFBC}") = "DemoApi", "DemoApi\DemoApi.csproj", "{19D79462-791A-4106-A476-6F82BDCF1317}"
EndProject
Global
	GlobalSection(SolutionConfigurationPlatforms) = preSolution
		Debug|Any CPU = Debug|Any CPU
		Release|Any CPU = Release|Any CPU
	EndGlobalSection
	GlobalSection(ProjectConfigurationPlatforms) = postSolution
		{19D79462-791A-4106-A476-6F82BDCF1317}.Debug|Any CPU.ActiveCfg = Debug|Any CPU
		{19D79462-791A-4106-A476-6F82BDCF1317}.Debug|Any CPU.Build.0 = Debug|Any CPU
		{19D79462-791A-4106-A476-6F82BDCF1317}.Release|Any CPU.ActiveCfg = Release|Any CPU
		{19D79462-791A-4106-A476-6F82BDCF1317}.Release|Any CPU.Build.0 = Release|Any CPU
	EndGlobalSection
	GlobalSection(SolutionProperties) = preSolution
		HideSolutionNode = FALSE
	EndGlobalSection
	GlobalSection(ExtensibilityGlobals) = postSolution
		SolutionGuid = {D12A3AC9-DA73-4ACD-A485-E9B583829562}
	EndGlobalSection
EndGlobal
